// !$*UTF8*$!
{
	archiveVersion = 1;
	classes = {
	};
	objectVersion = 46;
	objects = {

/* Begin PBXBuildFile section */
		164CA6001BC3249B00EC0C68 /* AppDelegate.swift in Sources */ = {isa = PBXBuildFile; fileRef = 164CA5FF1BC3249B00EC0C68 /* AppDelegate.swift */; };
		164CA6021BC3249B00EC0C68 /* ViewController.swift in Sources */ = {isa = PBXBuildFile; fileRef = 164CA6011BC3249B00EC0C68 /* ViewController.swift */; };
		164CA6051BC3249B00EC0C68 /* Main.storyboard in Resources */ = {isa = PBXBuildFile; fileRef = 164CA6031BC3249B00EC0C68 /* Main.storyboard */; };
		164CA6071BC3249B00EC0C68 /* Assets.xcassets in Resources */ = {isa = PBXBuildFile; fileRef = 164CA6061BC3249B00EC0C68 /* Assets.xcassets */; };
		164CA60A1BC3249B00EC0C68 /* LaunchScreen.storyboard in Resources */ = {isa = PBXBuildFile; fileRef = 164CA6081BC3249B00EC0C68 /* LaunchScreen.storyboard */; };
		166436B41BA8608900FE1BA5 /* AppDelegate.swift in Sources */ = {isa = PBXBuildFile; fileRef = 166436B31BA8608900FE1BA5 /* AppDelegate.swift */; };
		166436B61BA8608900FE1BA5 /* ViewController.swift in Sources */ = {isa = PBXBuildFile; fileRef = 166436B51BA8608900FE1BA5 /* ViewController.swift */; };
		166436B91BA8608900FE1BA5 /* Main.storyboard in Resources */ = {isa = PBXBuildFile; fileRef = 166436B71BA8608900FE1BA5 /* Main.storyboard */; };
		166436BB1BA8608900FE1BA5 /* Assets.xcassets in Resources */ = {isa = PBXBuildFile; fileRef = 166436BA1BA8608900FE1BA5 /* Assets.xcassets */; };
		166436BE1BA8608900FE1BA5 /* LaunchScreen.storyboard in Resources */ = {isa = PBXBuildFile; fileRef = 166436BC1BA8608900FE1BA5 /* LaunchScreen.storyboard */; };
		8F6D90A8EC3D80D444856F93 /* Pods_tableview.framework in Frameworks */ = {isa = PBXBuildFile; fileRef = B1D47D623A1EF647B77025E5 /* Pods_tableview.framework */; settings = {ATTRIBUTES = (Weak, ); }; };
/* End PBXBuildFile section */

/* Begin PBXFileReference section */
		164CA5FD1BC3249B00EC0C68 /* alamofire-crud.app */ = {isa = PBXFileReference; explicitFileType = wrapper.application; includeInIndex = 0; path = "alamofire-crud.app"; sourceTree = BUILT_PRODUCTS_DIR; };
		164CA5FF1BC3249B00EC0C68 /* AppDelegate.swift */ = {isa = PBXFileReference; lastKnownFileType = sourcecode.swift; path = AppDelegate.swift; sourceTree = "<group>"; };
		164CA6011BC3249B00EC0C68 /* ViewController.swift */ = {isa = PBXFileReference; lastKnownFileType = sourcecode.swift; path = ViewController.swift; sourceTree = "<group>"; };
		164CA6041BC3249B00EC0C68 /* Base */ = {isa = PBXFileReference; lastKnownFileType = file.storyboard; name = Base; path = Base.lproj/Main.storyboard; sourceTree = "<group>"; };
		164CA6061BC3249B00EC0C68 /* Assets.xcassets */ = {isa = PBXFileReference; lastKnownFileType = folder.assetcatalog; path = Assets.xcassets; sourceTree = "<group>"; };
		164CA6091BC3249B00EC0C68 /* Base */ = {isa = PBXFileReference; lastKnownFileType = file.storyboard; name = Base; path = Base.lproj/LaunchScreen.storyboard; sourceTree = "<group>"; };
		164CA60B1BC3249B00EC0C68 /* Info.plist */ = {isa = PBXFileReference; lastKnownFileType = text.plist.xml; path = Info.plist; sourceTree = "<group>"; };
		166436B11BA8608900FE1BA5 /* tableview.app */ = {isa = PBXFileReference; explicitFileType = wrapper.application; includeInIndex = 0; path = tableview.app; sourceTree = BUILT_PRODUCTS_DIR; };
		166436B31BA8608900FE1BA5 /* AppDelegate.swift */ = {isa = PBXFileReference; lastKnownFileType = sourcecode.swift; path = AppDelegate.swift; sourceTree = "<group>"; };
		166436B51BA8608900FE1BA5 /* ViewController.swift */ = {isa = PBXFileReference; lastKnownFileType = sourcecode.swift; path = ViewController.swift; sourceTree = "<group>"; };
		166436B81BA8608900FE1BA5 /* Base */ = {isa = PBXFileReference; lastKnownFileType = file.storyboard; name = Base; path = Base.lproj/Main.storyboard; sourceTree = "<group>"; };
		166436BA1BA8608900FE1BA5 /* Assets.xcassets */ = {isa = PBXFileReference; lastKnownFileType = folder.assetcatalog; path = Assets.xcassets; sourceTree = "<group>"; };
		166436BD1BA8608900FE1BA5 /* Base */ = {isa = PBXFileReference; lastKnownFileType = file.storyboard; name = Base; path = Base.lproj/LaunchScreen.storyboard; sourceTree = "<group>"; };
		166436BF1BA8608900FE1BA5 /* Info.plist */ = {isa = PBXFileReference; lastKnownFileType = text.plist.xml; path = Info.plist; sourceTree = "<group>"; };
		604E49AAA8275494467D395F /* Pods-tableview.release.xcconfig */ = {isa = PBXFileReference; includeInIndex = 1; lastKnownFileType = text.xcconfig; name = "Pods-tableview.release.xcconfig"; path = "Pods/Target Support Files/Pods-tableview/Pods-tableview.release.xcconfig"; sourceTree = "<group>"; };
		765DED7B0E809D9830FAB7B5 /* Pods-tableview.debug.xcconfig */ = {isa = PBXFileReference; includeInIndex = 1; lastKnownFileType = text.xcconfig; name = "Pods-tableview.debug.xcconfig"; path = "Pods/Target Support Files/Pods-tableview/Pods-tableview.debug.xcconfig"; sourceTree = "<group>"; };
		B1D47D623A1EF647B77025E5 /* Pods_tableview.framework */ = {isa = PBXFileReference; explicitFileType = wrapper.framework; includeInIndex = 0; path = Pods_tableview.framework; sourceTree = BUILT_PRODUCTS_DIR; };
/* End PBXFileReference section */

/* Begin PBXFrameworksBuildPhase section */
		164CA5FA1BC3249B00EC0C68 /* Frameworks */ = {
			isa = PBXFrameworksBuildPhase;
			buildActionMask = 2147483647;
			files = (
			);
			runOnlyForDeploymentPostprocessing = 0;
		};
		166436AE1BA8608900FE1BA5 /* Frameworks */ = {
			isa = PBXFrameworksBuildPhase;
			buildActionMask = 2147483647;
			files = (
				8F6D90A8EC3D80D444856F93 /* Pods_tableview.framework in Frameworks */,
			);
			runOnlyForDeploymentPostprocessing = 0;
		};
/* End PBXFrameworksBuildPhase section */

/* Begin PBXGroup section */
		164CA5FE1BC3249B00EC0C68 /* alamofire-crud */ = {
			isa = PBXGroup;
			children = (
				164CA5FF1BC3249B00EC0C68 /* AppDelegate.swift */,
				164CA6011BC3249B00EC0C68 /* ViewController.swift */,
				164CA6031BC3249B00EC0C68 /* Main.storyboard */,
				164CA6061BC3249B00EC0C68 /* Assets.xcassets */,
				164CA6081BC3249B00EC0C68 /* LaunchScreen.storyboard */,
				164CA60B1BC3249B00EC0C68 /* Info.plist */,
			);
			path = "alamofire-crud";
			sourceTree = "<group>";
		};
		1664368F1BA8607A00FE1BA5 = {
			isa = PBXGroup;
			children = (
				166436B21BA8608900FE1BA5 /* tableview */,
				164CA5FE1BC3249B00EC0C68 /* alamofire-crud */,
				166436991BA8607A00FE1BA5 /* Products */,
				8B528B55D3CEDBA3C807AE73 /* Pods */,
				3C749A65C9018F1C47FC2F53 /* Frameworks */,
			);
			sourceTree = "<group>";
		};
		166436991BA8607A00FE1BA5 /* Products */ = {
			isa = PBXGroup;
			children = (
				166436B11BA8608900FE1BA5 /* tableview.app */,
				164CA5FD1BC3249B00EC0C68 /* alamofire-crud.app */,
			);
			name = Products;
			sourceTree = "<group>";
		};
		166436B21BA8608900FE1BA5 /* tableview */ = {
			isa = PBXGroup;
			children = (
				166436B31BA8608900FE1BA5 /* AppDelegate.swift */,
				166436B51BA8608900FE1BA5 /* ViewController.swift */,
				166436B71BA8608900FE1BA5 /* Main.storyboard */,
				166436BA1BA8608900FE1BA5 /* Assets.xcassets */,
				166436BC1BA8608900FE1BA5 /* LaunchScreen.storyboard */,
				166436BF1BA8608900FE1BA5 /* Info.plist */,
			);
			path = tableview;
			sourceTree = "<group>";
		};
		3C749A65C9018F1C47FC2F53 /* Frameworks */ = {
			isa = PBXGroup;
			children = (
				B1D47D623A1EF647B77025E5 /* Pods_tableview.framework */,
			);
			name = Frameworks;
			sourceTree = "<group>";
		};
		8B528B55D3CEDBA3C807AE73 /* Pods */ = {
			isa = PBXGroup;
			children = (
				765DED7B0E809D9830FAB7B5 /* Pods-tableview.debug.xcconfig */,
				604E49AAA8275494467D395F /* Pods-tableview.release.xcconfig */,
			);
			name = Pods;
			sourceTree = "<group>";
		};
/* End PBXGroup section */

/* Begin PBXNativeTarget section */
		164CA5FC1BC3249B00EC0C68 /* alamofire-crud */ = {
			isa = PBXNativeTarget;
			buildConfigurationList = 164CA60E1BC3249B00EC0C68 /* Build configuration list for PBXNativeTarget "alamofire-crud" */;
			buildPhases = (
				164CA5F91BC3249B00EC0C68 /* Sources */,
				164CA5FA1BC3249B00EC0C68 /* Frameworks */,
				164CA5FB1BC3249B00EC0C68 /* Resources */,
			);
			buildRules = (
			);
			dependencies = (
			);
			name = "alamofire-crud";
			productName = "alamofire-crud";
			productReference = 164CA5FD1BC3249B00EC0C68 /* alamofire-crud.app */;
			productType = "com.apple.product-type.application";
		};
		166436B01BA8608900FE1BA5 /* tableview */ = {
			isa = PBXNativeTarget;
			buildConfigurationList = 166436C01BA8608900FE1BA5 /* Build configuration list for PBXNativeTarget "tableview" */;
			buildPhases = (
				7AC4CA08A332A8D483AA2248 /* Check Pods Manifest.lock */,
				166436AD1BA8608900FE1BA5 /* Sources */,
				166436AE1BA8608900FE1BA5 /* Frameworks */,
				166436AF1BA8608900FE1BA5 /* Resources */,
				CDC58EC64298AC24F61B8642 /* Embed Pods Frameworks */,
				9F35EB87B6882F71FA513973 /* Copy Pods Resources */,
			);
			buildRules = (
			);
			dependencies = (
			);
			name = tableview;
			productName = tableview;
			productReference = 166436B11BA8608900FE1BA5 /* tableview.app */;
			productType = "com.apple.product-type.application";
		};
/* End PBXNativeTarget section */

/* Begin PBXProject section */
		166436901BA8607A00FE1BA5 /* Project object */ = {
			isa = PBXProject;
			attributes = {
				LastUpgradeCheck = 0700;
				ORGANIZATIONNAME = "Renan Kosicki | K-Mobi";
				TargetAttributes = {
					164CA5FC1BC3249B00EC0C68 = {
						CreatedOnToolsVersion = 7.0.1;
					};
					166436B01BA8608900FE1BA5 = {
						CreatedOnToolsVersion = 7.0;
					};
				};
			};
			buildConfigurationList = 166436931BA8607A00FE1BA5 /* Build configuration list for PBXProject "renankosicki-examples" */;
			compatibilityVersion = "Xcode 3.2";
			developmentRegion = English;
			hasScannedForEncodings = 0;
			knownRegions = (
				en,
				Base,
			);
			mainGroup = 1664368F1BA8607A00FE1BA5;
			productRefGroup = 166436991BA8607A00FE1BA5 /* Products */;
			projectDirPath = "";
			projectRoot = "";
			targets = (
				166436B01BA8608900FE1BA5 /* tableview */,
				164CA5FC1BC3249B00EC0C68 /* alamofire-crud */,
			);
		};
/* End PBXProject section */

/* Begin PBXResourcesBuildPhase section */
		164CA5FB1BC3249B00EC0C68 /* Resources */ = {
			isa = PBXResourcesBuildPhase;
			buildActionMask = 2147483647;
			files = (
				164CA60A1BC3249B00EC0C68 /* LaunchScreen.storyboard in Resources */,
				164CA6071BC3249B00EC0C68 /* Assets.xcassets in Resources */,
				164CA6051BC3249B00EC0C68 /* Main.storyboard in Resources */,
			);
			runOnlyForDeploymentPostprocessing = 0;
		};
		166436AF1BA8608900FE1BA5 /* Resources */ = {
			isa = PBXResourcesBuildPhase;
			buildActionMask = 2147483647;
			files = (
				166436BE1BA8608900FE1BA5 /* LaunchScreen.storyboard in Resources */,
				166436BB1BA8608900FE1BA5 /* Assets.xcassets in Resources */,
				166436B91BA8608900FE1BA5 /* Main.storyboard in Resources */,
			);
			runOnlyForDeploymentPostprocessing = 0;
		};
/* End PBXResourcesBuildPhase section */

/* Begin PBXShellScriptBuildPhase section */
		7AC4CA08A332A8D483AA2248 /* Check Pods Manifest.lock */ = {
			isa = PBXShellScriptBuildPhase;
			buildActionMask = 2147483647;
			files = (
			);
			inputPaths = (
			);
			name = "Check Pods Manifest.lock";
			outputPaths = (
			);
			runOnlyForDeploymentPostprocessing = 0;
			shellPath = /bin/sh;
			shellScript = "diff \"${PODS_ROOT}/../Podfile.lock\" \"${PODS_ROOT}/Manifest.lock\" > /dev/null\nif [[ $? != 0 ]] ; then\n    cat << EOM\nerror: The sandbox is not in sync with the Podfile.lock. Run 'pod install' or update your CocoaPods installation.\nEOM\n    exit 1\nfi\n";
			showEnvVarsInLog = 0;
		};
		9F35EB87B6882F71FA513973 /* Copy Pods Resources */ = {
			isa = PBXShellScriptBuildPhase;
			buildActionMask = 2147483647;
			files = (
			);
			inputPaths = (
			);
			name = "Copy Pods Resources";
			outputPaths = (
			);
			runOnlyForDeploymentPostprocessing = 0;
			shellPath = /bin/sh;
			shellScript = "\"${SRCROOT}/Pods/Target Support Files/Pods-tableview/Pods-tableview-resources.sh\"\n";
			showEnvVarsInLog = 0;
		};
		CDC58EC64298AC24F61B8642 /* Embed Pods Frameworks */ = {
			isa = PBXShellScriptBuildPhase;
			buildActionMask = 2147483647;
			files = (
			);
			inputPaths = (
			);
			name = "Embed Pods Frameworks";
			outputPaths = (
			);
			runOnlyForDeploymentPostprocessing = 0;
			shellPath = /bin/sh;
			shellScript = "\"${SRCROOT}/Pods/Target Support Files/Pods-tableview/Pods-tableview-frameworks.sh\"\n";
			showEnvVarsInLog = 0;
		};
/* End PBXShellScriptBuildPhase section */

/* Begin PBXSourcesBuildPhase section */
		164CA5F91BC3249B00EC0C68 /* Sources */ = {
			isa = PBXSourcesBuildPhase;
			buildActionMask = 2147483647;
			files = (
				164CA6021BC3249B00EC0C68 /* ViewController.swift in Sources */,
				164CA6001BC3249B00EC0C68 /* AppDelegate.swift in Sources */,
			);
			runOnlyForDeploymentPostprocessing = 0;
		};
		166436AD1BA8608900FE1BA5 /* Sources */ = {
			isa = PBXSourcesBuildPhase;
			buildActionMask = 2147483647;
			files = (
				166436B61BA8608900FE1BA5 /* ViewController.swift in Sources */,
				166436B41BA8608900FE1BA5 /* AppDelegate.swift in Sources */,
			);
			runOnlyForDeploymentPostprocessing = 0;
		};
/* End PBXSourcesBuildPhase section */

/* Begin PBXVariantGroup section */
		164CA6031BC3249B00EC0C68 /* Main.storyboard */ = {
			isa = PBXVariantGroup;
			children = (
				164CA6041BC3249B00EC0C68 /* Base */,
			);
			name = Main.storyboard;
			sourceTree = "<group>";
		};
		164CA6081BC3249B00EC0C68 /* LaunchScreen.storyboard */ = {
			isa = PBXVariantGroup;
			children = (
				164CA6091BC3249B00EC0C68 /* Base */,
			);
			name = LaunchScreen.storyboard;
			sourceTree = "<group>";
		};
		166436B71BA8608900FE1BA5 /* Main.storyboard */ = {
			isa = PBXVariantGroup;
			children = (
				166436B81BA8608900FE1BA5 /* Base */,
			);
			name = Main.storyboard;
			sourceTree = "<group>";
		};
		166436BC1BA8608900FE1BA5 /* LaunchScreen.storyboard */ = {
			isa = PBXVariantGroup;
			children = (
				166436BD1BA8608900FE1BA5 /* Base */,
			);
			name = LaunchScreen.storyboard;
			sourceTree = "<group>";
		};
/* End PBXVariantGroup section */

/* Begin XCBuildConfiguration section */
		164CA60C1BC3249B00EC0C68 /* Debug */ = {
			isa = XCBuildConfiguration;
			buildSettings = {
				ASSETCATALOG_COMPILER_APPICON_NAME = AppIcon;
				INFOPLIST_FILE = "alamofire-crud/Info.plist";
				LD_RUNPATH_SEARCH_PATHS = "$(inherited) @executable_path/Frameworks";
				PRODUCT_BUNDLE_IDENTIFIER = "br.com.renankosicki.alamofire-crud";
				PRODUCT_NAME = "$(TARGET_NAME)";
			};
			name = Debug;
		};
		164CA60D1BC3249B00EC0C68 /* Release */ = {
			isa = XCBuildConfiguration;
			buildSettings = {
				ASSETCATALOG_COMPILER_APPICON_NAME = AppIcon;
				INFOPLIST_FILE = "alamofire-crud/Info.plist";
				LD_RUNPATH_SEARCH_PATHS = "$(inherited) @executable_path/Frameworks";
				PRODUCT_BUNDLE_IDENTIFIER = "br.com.renankosicki.alamofire-crud";
				PRODUCT_NAME = "$(TARGET_NAME)";
			};
			name = Release;
		};
		166436A81BA8607A00FE1BA5 /* Debug */ = {
			isa = XCBuildConfiguration;
			buildSettings = {
				ALWAYS_SEARCH_USER_PATHS = NO;
				CLANG_CXX_LANGUAGE_STANDARD = "gnu++0x";
				CLANG_CXX_LIBRARY = "libc++";
				CLANG_ENABLE_MODULES = YES;
				CLANG_ENABLE_OBJC_ARC = YES;
				CLANG_WARN_BOOL_CONVERSION = YES;
				CLANG_WARN_CONSTANT_CONVERSION = YES;
				CLANG_WARN_DIRECT_OBJC_ISA_USAGE = YES_ERROR;
				CLANG_WARN_EMPTY_BODY = YES;
				CLANG_WARN_ENUM_CONVERSION = YES;
				CLANG_WARN_INT_CONVERSION = YES;
				CLANG_WARN_OBJC_ROOT_CLASS = YES_ERROR;
				CLANG_WARN_UNREACHABLE_CODE = YES;
				CLANG_WARN__DUPLICATE_METHOD_MATCH = YES;
				"CODE_SIGN_IDENTITY[sdk=iphoneos*]" = "iPhone Developer";
				COPY_PHASE_STRIP = NO;
				DEBUG_INFORMATION_FORMAT = dwarf;
				ENABLE_STRICT_OBJC_MSGSEND = YES;
				ENABLE_TESTABILITY = YES;
				GCC_C_LANGUAGE_STANDARD = gnu99;
				GCC_DYNAMIC_NO_PIC = NO;
				GCC_NO_COMMON_BLOCKS = YES;
				GCC_OPTIMIZATION_LEVEL = 0;
				GCC_PREPROCESSOR_DEFINITIONS = (
					"DEBUG=1",
					"$(inherited)",
				);
				GCC_WARN_64_TO_32_BIT_CONVERSION = YES;
				GCC_WARN_ABOUT_RETURN_TYPE = YES_ERROR;
				GCC_WARN_UNDECLARED_SELECTOR = YES;
				GCC_WARN_UNINITIALIZED_AUTOS = YES_AGGRESSIVE;
				GCC_WARN_UNUSED_FUNCTION = YES;
				GCC_WARN_UNUSED_VARIABLE = YES;
				IPHONEOS_DEPLOYMENT_TARGET = 9.0;
				MTL_ENABLE_DEBUG_INFO = YES;
				ONLY_ACTIVE_ARCH = YES;
				SDKROOT = iphoneos;
				SWIFT_OPTIMIZATION_LEVEL = "-Onone";
			};
			name = Debug;
		};
		166436A91BA8607A00FE1BA5 /* Release */ = {
			isa = XCBuildConfiguration;
			buildSettings = {
				ALWAYS_SEARCH_USER_PATHS = NO;
				CLANG_CXX_LANGUAGE_STANDARD = "gnu++0x";
				CLANG_CXX_LIBRARY = "libc++";
				CLANG_ENABLE_MODULES = YES;
				CLANG_ENABLE_OBJC_ARC = YES;
				CLANG_WARN_BOOL_CONVERSION = YES;
				CLANG_WARN_CONSTANT_CONVERSION = YES;
				CLANG_WARN_DIRECT_OBJC_ISA_USAGE = YES_ERROR;
				CLANG_WARN_EMPTY_BODY = YES;
				CLANG_WARN_ENUM_CONVERSION = YES;
				CLANG_WARN_INT_CONVERSION = YES;
				CLANG_WARN_OBJC_ROOT_CLASS = YES_ERROR;
				CLANG_WARN_UNREACHABLE_CODE = YES;
				CLANG_WARN__DUPLICATE_METHOD_MATCH = YES;
				"CODE_SIGN_IDENTITY[sdk=iphoneos*]" = "iPhone Developer";
				COPY_PHASE_STRIP = NO;
				DEBUG_INFORMATION_FORMAT = "dwarf-with-dsym";
				ENABLE_NS_ASSERTIONS = NO;
				ENABLE_STRICT_OBJC_MSGSEND = YES;
				GCC_C_LANGUAGE_STANDARD = gnu99;
				GCC_NO_COMMON_BLOCKS = YES;
				GCC_WARN_64_TO_32_BIT_CONVERSION = YES;
				GCC_WARN_ABOUT_RETURN_TYPE = YES_ERROR;
				GCC_WARN_UNDECLARED_SELECTOR = YES;
				GCC_WARN_UNINITIALIZED_AUTOS = YES_AGGRESSIVE;
				GCC_WARN_UNUSED_FUNCTION = YES;
				GCC_WARN_UNUSED_VARIABLE = YES;
				IPHONEOS_DEPLOYMENT_TARGET = 9.0;
				MTL_ENABLE_DEBUG_INFO = NO;
				SDKROOT = iphoneos;
				VALIDATE_PRODUCT = YES;
			};
			name = Release;
		};
		166436C11BA8608900FE1BA5 /* Debug */ = {
			isa = XCBuildConfiguration;
			baseConfigurationReference = 765DED7B0E809D9830FAB7B5 /* Pods-tableview.debug.xcconfig */;
			buildSettings = {
				ASSETCATALOG_COMPILER_APPICON_NAME = AppIcon;
				INFOPLIST_FILE = tableview/Info.plist;
				LD_RUNPATH_SEARCH_PATHS = "$(inherited) @executable_path/Frameworks";
				PRODUCT_BUNDLE_IDENTIFIER = br.com.kmobi.tableview;
				PRODUCT_NAME = "$(TARGET_NAME)";
			};
			name = Debug;
		};
		166436C21BA8608900FE1BA5 /* Release */ = {
			isa = XCBuildConfiguration;
			baseConfigurationReference = 604E49AAA8275494467D395F /* Pods-tableview.release.xcconfig */;
			buildSettings = {
				ASSETCATALOG_COMPILER_APPICON_NAME = AppIcon;
				INFOPLIST_FILE = tableview/Info.plist;
				LD_RUNPATH_SEARCH_PATHS = "$(inherited) @executable_path/Frameworks";
				PRODUCT_BUNDLE_IDENTIFIER = br.com.kmobi.tableview;
				PRODUCT_NAME = "$(TARGET_NAME)";
			};
			name = Release;
		};
/* End XCBuildConfiguration section */

/* Begin XCConfigurationList section */
		164CA60E1BC3249B00EC0C68 /* Build configuration list for PBXNativeTarget "alamofire-crud" */ = {
			isa = XCConfigurationList;
			buildConfigurations = (
				164CA60C1BC3249B00EC0C68 /* Debug */,
				164CA60D1BC3249B00EC0C68 /* Release */,
			);
			defaultConfigurationIsVisible = 0;
		};
		166436931BA8607A00FE1BA5 /* Build configuration list for PBXProject "renankosicki-examples" */ = {
			isa = XCConfigurationList;
			buildConfigurations = (
				166436A81BA8607A00FE1BA5 /* Debug */,
				166436A91BA8607A00FE1BA5 /* Release */,
			);
			defaultConfigurationIsVisible = 0;
			defaultConfigurationName = Release;
		};
		166436C01BA8608900FE1BA5 /* Build configuration list for PBXNativeTarget "tableview" */ = {
			isa = XCConfigurationList;
			buildConfigurations = (
				166436C11BA8608900FE1BA5 /* Debug */,
				166436C21BA8608900FE1BA5 /* Release */,
			);
			defaultConfigurationIsVisible = 0;
			defaultConfigurationName = Release;
		};
/* End XCConfigurationList section */
	};
	rootObject = 166436901BA8607A00FE1BA5 /* Project object */;
}
